
Microsoft Visual Studio Solution File, Format Version 12.00
# Visual Studio Version 17
VisualStudioVersion = 17.8.34322.80
MinimumVisualStudioVersion = 10.0.40219.1
Project("{FAE04EC0-301F-11D3-BF4B-00C04F79EFBC}") = "ImageWatermarkApi", "ImageWatermarkApi\ImageWatermarkApi.csproj", "{468C4044-52BA-4700-9E81-5D6304FB63F7}"
EndProject
Global
	GlobalSection(SolutionConfigurationPlatforms) = preSolution
		Debug|Any CPU = Debug|Any CPU
		Release|Any CPU = Release|Any CPU
	EndGlobalSection
	GlobalSection(ProjectConfigurationPlatforms) = postSolution
		{468C4044-52BA-4700-9E81-5D6304FB63F7}.Debug|Any CPU.ActiveCfg = Debug|Any CPU
		{468C4044-52BA-4700-9E81-5D6304FB63F7}.Debug|Any CPU.Build.0 = Debug|Any CPU
		{468C4044-52BA-4700-9E81-5D6304FB63F7}.Release|Any CPU.ActiveCfg = Release|Any CPU
		{468C4044-52BA-4700-9E81-5D6304FB63F7}.Release|Any CPU.Build.0 = Release|Any CPU
	EndGlobalSection
	GlobalSection(SolutionProperties) = preSolution
		HideSolutionNode = FALSE
	EndGlobalSection
	GlobalSection(ExtensibilityGlobals) = postSolution
		SolutionGuid = {481BEA68-D809-40A1-BF61-337F5F827F02}
	EndGlobalSection
EndGlobal
